<?xml version="1.0" encoding="utf-8"?>
<Project ToolsVersion="4.0" xmlns="http://schemas.microsoft.com/developer/msbuild/2003">
  <ItemGroup>
    <Filter Include="Main">
      <UniqueIdentifier>{525a622b-ff12-402e-9678-4b53d6f87c37}</UniqueIdentifier>
    </Filter>
    <Filter Include="DAIDatabase">
      <UniqueIdentifier>{289c65d1-f305-4369-a39d-7b379b34f4bc}</UniqueIdentifier>
    </Filter>
  </ItemGroup>
  <ItemGroup>
    <ClCompile Include="main.cpp">
      <Filter>Main</Filter>
    </ClCompile>
    <ClCompile Include="DAIDatabase.cpp">
      <Filter>DAIDatabase</Filter>
    </ClCompile>
  </ItemGroup>
  <ItemGroup>
    <ClInclude Include="DAIDatabase.h">
      <Filter>DAIDatabase</Filter>
    </ClInclude>
  </ItemGroup>
</Project>